
Microsoft Visual Studio Solution File, Format Version 12.00
# Visual Studio Version 17
VisualStudioVersion = 17.12.35527.113 d17.12
MinimumVisualStudioVersion = 10.0.40219.1
Project("{FAE04EC0-301F-11D3-BF4B-00C04F79EFBC}") = "3951_Lab6_Bryson_Polina", "3951_Lab6_Bryson_Polina.csproj", "{A97937D9-50F5-4C14-BB02-856FC1AAAE8D}"
EndProject
Global
	GlobalSection(SolutionConfigurationPlatforms) = preSolution
		Debug|Any CPU = Debug|Any CPU
		Release|Any CPU = Release|Any CPU
	EndGlobalSection
	GlobalSection(ProjectConfigurationPlatforms) = postSolution
		{A97937D9-50F5-4C14-BB02-856FC1AAAE8D}.Debug|Any CPU.ActiveCfg = Debug|Any CPU
		{A97937D9-50F5-4C14-BB02-856FC1AAAE8D}.Debug|Any CPU.Build.0 = Debug|Any CPU
		{A97937D9-50F5-4C14-BB02-856FC1AAAE8D}.Release|Any CPU.ActiveCfg = Release|Any CPU
		{A97937D9-50F5-4C14-BB02-856FC1AAAE8D}.Release|Any CPU.Build.0 = Release|Any CPU
	EndGlobalSection
	GlobalSection(SolutionProperties) = preSolution
		HideSolutionNode = FALSE
	EndGlobalSection
EndGlobal
